// !$*UTF8*$!
{
	archiveVersion = 1;
	classes = {
	};
	objectVersion = 46;
	objects = {

/* Begin PBXBuildFile section */
		0B8DC4BFCB668ECA31097E1F /* Pods_Swift_Sudoku_Solver.framework in Frameworks */ = {isa = PBXBuildFile; fileRef = 013B3642BE90200F2D62FB8F /* Pods_Swift_Sudoku_Solver.framework */; };
		942302C01E9A63D000F312B3 /* AppDelegate.swift in Sources */ = {isa = PBXBuildFile; fileRef = 942302BF1E9A63D000F312B3 /* AppDelegate.swift */; };
		942302C21E9A63D000F312B3 /* ViewController.swift in Sources */ = {isa = PBXBuildFile; fileRef = 942302C11E9A63D000F312B3 /* ViewController.swift */; };
		942302C51E9A63D000F312B3 /* Main.storyboard in Resources */ = {isa = PBXBuildFile; fileRef = 942302C31E9A63D000F312B3 /* Main.storyboard */; };
		942302C71E9A63D000F312B3 /* Assets.xcassets in Resources */ = {isa = PBXBuildFile; fileRef = 942302C61E9A63D000F312B3 /* Assets.xcassets */; };
		942302CA1E9A63D000F312B3 /* LaunchScreen.storyboard in Resources */ = {isa = PBXBuildFile; fileRef = 942302C81E9A63D000F312B3 /* LaunchScreen.storyboard */; };
		942302DD1E9A687300F312B3 /* DLCommon.swift in Sources */ = {isa = PBXBuildFile; fileRef = 942302D31E9A687300F312B3 /* DLCommon.swift */; };
		942302DE1E9A687300F312B3 /* UIView+Extension.swift in Sources */ = {isa = PBXBuildFile; fileRef = 942302D41E9A687300F312B3 /* UIView+Extension.swift */; };
		942302DF1E9A687300F312B3 /* DLElementNumber.swift in Sources */ = {isa = PBXBuildFile; fileRef = 942302D81E9A687300F312B3 /* DLElementNumber.swift */; };
		942302E01E9A687300F312B3 /* DLSudokuSolver.swift in Sources */ = {isa = PBXBuildFile; fileRef = 942302D91E9A687300F312B3 /* DLSudokuSolver.swift */; };
		942302E11E9A687300F312B3 /* DLFunctionButton.swift in Sources */ = {isa = PBXBuildFile; fileRef = 942302DB1E9A687300F312B3 /* DLFunctionButton.swift */; };
		942302E21E9A687300F312B3 /* DLNumberButton.swift in Sources */ = {isa = PBXBuildFile; fileRef = 942302DC1E9A687300F312B3 /* DLNumberButton.swift */; };
		942302E41E9A689B00F312B3 /* DLSolverViewController.swift in Sources */ = {isa = PBXBuildFile; fileRef = 942302E31E9A689B00F312B3 /* DLSolverViewController.swift */; };
/* End PBXBuildFile section */

/* Begin PBXFileReference section */
		013B3642BE90200F2D62FB8F /* Pods_Swift_Sudoku_Solver.framework */ = {isa = PBXFileReference; explicitFileType = wrapper.framework; includeInIndex = 0; path = Pods_Swift_Sudoku_Solver.framework; sourceTree = BUILT_PRODUCTS_DIR; };
		49ADCBFDED3755F298CD58A0 /* Pods-Swift_Sudoku_Solver.release.xcconfig */ = {isa = PBXFileReference; includeInIndex = 1; lastKnownFileType = text.xcconfig; name = "Pods-Swift_Sudoku_Solver.release.xcconfig"; path = "Pods/Target Support Files/Pods-Swift_Sudoku_Solver/Pods-Swift_Sudoku_Solver.release.xcconfig"; sourceTree = "<group>"; };
		942302BC1E9A63D000F312B3 /* Swift_Sudoku_Solver.app */ = {isa = PBXFileReference; explicitFileType = wrapper.application; includeInIndex = 0; path = Swift_Sudoku_Solver.app; sourceTree = BUILT_PRODUCTS_DIR; };
		942302BF1E9A63D000F312B3 /* AppDelegate.swift */ = {isa = PBXFileReference; lastKnownFileType = sourcecode.swift; path = AppDelegate.swift; sourceTree = "<group>"; };
		942302C11E9A63D000F312B3 /* ViewController.swift */ = {isa = PBXFileReference; lastKnownFileType = sourcecode.swift; path = ViewController.swift; sourceTree = "<group>"; };
		942302C41E9A63D000F312B3 /* Base */ = {isa = PBXFileReference; lastKnownFileType = file.storyboard; name = Base; path = Base.lproj/Main.storyboard; sourceTree = "<group>"; };
		942302C61E9A63D000F312B3 /* Assets.xcassets */ = {isa = PBXFileReference; lastKnownFileType = folder.assetcatalog; path = Assets.xcassets; sourceTree = "<group>"; };
		942302C91E9A63D000F312B3 /* Base */ = {isa = PBXFileReference; lastKnownFileType = file.storyboard; name = Base; path = Base.lproj/LaunchScreen.storyboard; sourceTree = "<group>"; };
		942302CB1E9A63D000F312B3 /* Info.plist */ = {isa = PBXFileReference; lastKnownFileType = text.plist.xml; path = Info.plist; sourceTree = "<group>"; };
		942302D31E9A687300F312B3 /* DLCommon.swift */ = {isa = PBXFileReference; fileEncoding = 4; lastKnownFileType = sourcecode.swift; path = DLCommon.swift; sourceTree = "<group>"; };
		942302D41E9A687300F312B3 /* UIView+Extension.swift */ = {isa = PBXFileReference; fileEncoding = 4; lastKnownFileType = sourcecode.swift; path = "UIView+Extension.swift"; sourceTree = "<group>"; };
		942302D81E9A687300F312B3 /* DLElementNumber.swift */ = {isa = PBXFileReference; fileEncoding = 4; lastKnownFileType = sourcecode.swift; path = DLElementNumber.swift; sourceTree = "<group>"; };
		942302D91E9A687300F312B3 /* DLSudokuSolver.swift */ = {isa = PBXFileReference; fileEncoding = 4; lastKnownFileType = sourcecode.swift; path = DLSudokuSolver.swift; sourceTree = "<group>"; };
		942302DB1E9A687300F312B3 /* DLFunctionButton.swift */ = {isa = PBXFileReference; fileEncoding = 4; lastKnownFileType = sourcecode.swift; path = DLFunctionButton.swift; sourceTree = "<group>"; };
		942302DC1E9A687300F312B3 /* DLNumberButton.swift */ = {isa = PBXFileReference; fileEncoding = 4; lastKnownFileType = sourcecode.swift; path = DLNumberButton.swift; sourceTree = "<group>"; };
		942302E31E9A689B00F312B3 /* DLSolverViewController.swift */ = {isa = PBXFileReference; fileEncoding = 4; lastKnownFileType = sourcecode.swift; path = DLSolverViewController.swift; sourceTree = "<group>"; };
		FCEF8C71F4BE928342350A7D /* Pods-Swift_Sudoku_Solver.debug.xcconfig */ = {isa = PBXFileReference; includeInIndex = 1; lastKnownFileType = text.xcconfig; name = "Pods-Swift_Sudoku_Solver.debug.xcconfig"; path = "Pods/Target Support Files/Pods-Swift_Sudoku_Solver/Pods-Swift_Sudoku_Solver.debug.xcconfig"; sourceTree = "<group>"; };
/* End PBXFileReference section */

/* Begin PBXFrameworksBuildPhase section */
		942302B91E9A63D000F312B3 /* Frameworks */ = {
			isa = PBXFrameworksBuildPhase;
			buildActionMask = 2147483647;
			files = (
				0B8DC4BFCB668ECA31097E1F /* Pods_Swift_Sudoku_Solver.framework in Frameworks */,
			);
			runOnlyForDeploymentPostprocessing = 0;
		};
/* End PBXFrameworksBuildPhase section */

/* Begin PBXGroup section */
		3EA0DA7D52AA62DC78458C93 /* Pods */ = {
			isa = PBXGroup;
			children = (
				FCEF8C71F4BE928342350A7D /* Pods-Swift_Sudoku_Solver.debug.xcconfig */,
				49ADCBFDED3755F298CD58A0 /* Pods-Swift_Sudoku_Solver.release.xcconfig */,
			);
			name = Pods;
			sourceTree = "<group>";
		};
		942302B31E9A63D000F312B3 = {
			isa = PBXGroup;
			children = (
				942302BE1E9A63D000F312B3 /* Swift_Sudoku_Solver */,
				942302BD1E9A63D000F312B3 /* Products */,
				3EA0DA7D52AA62DC78458C93 /* Pods */,
				D7A4D951B0FC025F77AE2DFF /* Frameworks */,
			);
			sourceTree = "<group>";
		};
		942302BD1E9A63D000F312B3 /* Products */ = {
			isa = PBXGroup;
			children = (
				942302BC1E9A63D000F312B3 /* Swift_Sudoku_Solver.app */,
			);
			name = Products;
			sourceTree = "<group>";
		};
		942302BE1E9A63D000F312B3 /* Swift_Sudoku_Solver */ = {
			isa = PBXGroup;
			children = (
				942302D11E9A687300F312B3 /* Classes */,
				942302BF1E9A63D000F312B3 /* AppDelegate.swift */,
				942302C11E9A63D000F312B3 /* ViewController.swift */,
				942302C31E9A63D000F312B3 /* Main.storyboard */,
				942302C61E9A63D000F312B3 /* Assets.xcassets */,
				942302C81E9A63D000F312B3 /* LaunchScreen.storyboard */,
				942302CB1E9A63D000F312B3 /* Info.plist */,
			);
			path = Swift_Sudoku_Solver;
			sourceTree = "<group>";
		};
		942302D11E9A687300F312B3 /* Classes */ = {
			isa = PBXGroup;
			children = (
				942302D21E9A687300F312B3 /* Common */,
				942302D51E9A687300F312B3 /* Controller */,
				942302D61E9A687300F312B3 /* Model */,
				942302D71E9A687300F312B3 /* SudokuSolver */,
				942302DA1E9A687300F312B3 /* View */,
			);
			path = Classes;
			sourceTree = "<group>";
		};
		942302D21E9A687300F312B3 /* Common */ = {
			isa = PBXGroup;
			children = (
				942302D31E9A687300F312B3 /* DLCommon.swift */,
				942302D41E9A687300F312B3 /* UIView+Extension.swift */,
			);
			path = Common;
			sourceTree = "<group>";
		};
		942302D51E9A687300F312B3 /* Controller */ = {
			isa = PBXGroup;
			children = (
				942302E31E9A689B00F312B3 /* DLSolverViewController.swift */,
			);
			path = Controller;
			sourceTree = "<group>";
		};
		942302D61E9A687300F312B3 /* Model */ = {
			isa = PBXGroup;
			children = (
			);
			path = Model;
			sourceTree = "<group>";
		};
		942302D71E9A687300F312B3 /* SudokuSolver */ = {
			isa = PBXGroup;
			children = (
				942302D81E9A687300F312B3 /* DLElementNumber.swift */,
				942302D91E9A687300F312B3 /* DLSudokuSolver.swift */,
			);
			path = SudokuSolver;
			sourceTree = "<group>";
		};
		942302DA1E9A687300F312B3 /* View */ = {
			isa = PBXGroup;
			children = (
				942302DB1E9A687300F312B3 /* DLFunctionButton.swift */,
				942302DC1E9A687300F312B3 /* DLNumberButton.swift */,
			);
			path = View;
			sourceTree = "<group>";
		};
		D7A4D951B0FC025F77AE2DFF /* Frameworks */ = {
			isa = PBXGroup;
			children = (
				013B3642BE90200F2D62FB8F /* Pods_Swift_Sudoku_Solver.framework */,
			);
			name = Frameworks;
			sourceTree = "<group>";
		};
/* End PBXGroup section */

/* Begin PBXNativeTarget section */
		942302BB1E9A63D000F312B3 /* Swift_Sudoku_Solver */ = {
			isa = PBXNativeTarget;
			buildConfigurationList = 942302CE1E9A63D000F312B3 /* Build configuration list for PBXNativeTarget "Swift_Sudoku_Solver" */;
			buildPhases = (
				DE822E82364920B4C2672D40 /* [CP] Check Pods Manifest.lock */,
				942302B81E9A63D000F312B3 /* Sources */,
				942302B91E9A63D000F312B3 /* Frameworks */,
				942302BA1E9A63D000F312B3 /* Resources */,
				FC947A1FC68D17B588D507AD /* [CP] Embed Pods Frameworks */,
				8755ECD31E5BA456934643F6 /* [CP] Copy Pods Resources */,
			);
			buildRules = (
			);
			dependencies = (
			);
			name = Swift_Sudoku_Solver;
			productName = Swift_Sudoku_Solver;
			productReference = 942302BC1E9A63D000F312B3 /* Swift_Sudoku_Solver.app */;
			productType = "com.apple.product-type.application";
		};
/* End PBXNativeTarget section */

/* Begin PBXProject section */
		942302B41E9A63D000F312B3 /* Project object */ = {
			isa = PBXProject;
			attributes = {
				CLASSPREFIX = DL;
				LastSwiftUpdateCheck = 0830;
				LastUpgradeCheck = 0830;
				ORGANIZATIONNAME = Focus;
				TargetAttributes = {
					942302BB1E9A63D000F312B3 = {
						CreatedOnToolsVersion = 8.3;
						DevelopmentTeam = 5G688TPL65;
						ProvisioningStyle = Automatic;
					};
				};
			};
			buildConfigurationList = 942302B71E9A63D000F312B3 /* Build configuration list for PBXProject "Swift_Sudoku_Solver" */;
			compatibilityVersion = "Xcode 3.2";
			developmentRegion = English;
			hasScannedForEncodings = 0;
			knownRegions = (
				en,
				Base,
			);
			mainGroup = 942302B31E9A63D000F312B3;
			productRefGroup = 942302BD1E9A63D000F312B3 /* Products */;
			projectDirPath = "";
			projectRoot = "";
			targets = (
				942302BB1E9A63D000F312B3 /* Swift_Sudoku_Solver */,
			);
		};
/* End PBXProject section */

/* Begin PBXResourcesBuildPhase section */
		942302BA1E9A63D000F312B3 /* Resources */ = {
			isa = PBXResourcesBuildPhase;
			buildActionMask = 2147483647;
			files = (
				942302CA1E9A63D000F312B3 /* LaunchScreen.storyboard in Resources */,
				942302C71E9A63D000F312B3 /* Assets.xcassets in Resources */,
				942302C51E9A63D000F312B3 /* Main.storyboard in Resources */,
			);
			runOnlyForDeploymentPostprocessing = 0;
		};
/* End PBXResourcesBuildPhase section */

/* Begin PBXShellScriptBuildPhase section */
		8755ECD31E5BA456934643F6 /* [CP] Copy Pods Resources */ = {
			isa = PBXShellScriptBuildPhase;
			buildActionMask = 2147483647;
			files = (
			);
			inputPaths = (
			);
			name = "[CP] Copy Pods Resources";
			outputPaths = (
			);
			runOnlyForDeploymentPostprocessing = 0;
			shellPath = /bin/sh;
			shellScript = "\"${SRCROOT}/Pods/Target Support Files/Pods-Swift_Sudoku_Solver/Pods-Swift_Sudoku_Solver-resources.sh\"\n";
			showEnvVarsInLog = 0;
		};
		DE822E82364920B4C2672D40 /* [CP] Check Pods Manifest.lock */ = {
			isa = PBXShellScriptBuildPhase;
			buildActionMask = 2147483647;
			files = (
			);
			inputPaths = (
			);
			name = "[CP] Check Pods Manifest.lock";
			outputPaths = (
			);
			runOnlyForDeploymentPostprocessing = 0;
			shellPath = /bin/sh;
			shellScript = "diff \"${PODS_ROOT}/../Podfile.lock\" \"${PODS_ROOT}/Manifest.lock\" > /dev/null\nif [ $? != 0 ] ; then\n    # print error to STDERR\n    echo \"error: The sandbox is not in sync with the Podfile.lock. Run 'pod install' or update your CocoaPods installation.\" >&2\n    exit 1\nfi\n";
			showEnvVarsInLog = 0;
		};
		FC947A1FC68D17B588D507AD /* [CP] Embed Pods Frameworks */ = {
			isa = PBXShellScriptBuildPhase;
			buildActionMask = 2147483647;
			files = (
			);
			inputPaths = (
			);
			name = "[CP] Embed Pods Frameworks";
			outputPaths = (
			);
			runOnlyForDeploymentPostprocessing = 0;
			shellPath = /bin/sh;
			shellScript = "\"${SRCROOT}/Pods/Target Support Files/Pods-Swift_Sudoku_Solver/Pods-Swift_Sudoku_Solver-frameworks.sh\"\n";
			showEnvVarsInLog = 0;
		};
/* End PBXShellScriptBuildPhase section */

/* Begin PBXSourcesBuildPhase section */
		942302B81E9A63D000F312B3 /* Sources */ = {
			isa = PBXSourcesBuildPhase;
			buildActionMask = 2147483647;
			files = (
				942302C21E9A63D000F312B3 /* ViewController.swift in Sources */,
				942302E11E9A687300F312B3 /* DLFunctionButton.swift in Sources */,
				942302E41E9A689B00F312B3 /* DLSolverViewController.swift in Sources */,
				942302E01E9A687300F312B3 /* DLSudokuSolver.swift in Sources */,
				942302DF1E9A687300F312B3 /* DLElementNumber.swift in Sources */,
				942302E21E9A687300F312B3 /* DLNumberButton.swift in Sources */,
				942302C01E9A63D000F312B3 /* AppDelegate.swift in Sources */,
				942302DE1E9A687300F312B3 /* UIView+Extension.swift in Sources */,
				942302DD1E9A687300F312B3 /* DLCommon.swift in Sources */,
			);
			runOnlyForDeploymentPostprocessing = 0;
		};
/* End PBXSourcesBuildPhase section */

/* Begin PBXVariantGroup section */
		942302C31E9A63D000F312B3 /* Main.storyboard */ = {
			isa = PBXVariantGroup;
			children = (
				942302C41E9A63D000F312B3 /* Base */,
			);
			name = Main.storyboard;
			sourceTree = "<group>";
		};
		942302C81E9A63D000F312B3 /* LaunchScreen.storyboard */ = {
			isa = PBXVariantGroup;
			children = (
				942302C91E9A63D000F312B3 /* Base */,
			);
			name = LaunchScreen.storyboard;
			sourceTree = "<group>";
		};
/* End PBXVariantGroup section */

/* Begin XCBuildConfiguration section */
		942302CC1E9A63D000F312B3 /* Debug */ = {
			isa = XCBuildConfiguration;
			buildSettings = {
				ALWAYS_SEARCH_USER_PATHS = NO;
				CLANG_ANALYZER_NONNULL = YES;
				CLANG_ANALYZER_NUMBER_OBJECT_CONVERSION = YES_AGGRESSIVE;
				CLANG_CXX_LANGUAGE_STANDARD = "gnu++0x";
				CLANG_CXX_LIBRARY = "libc++";
				CLANG_ENABLE_MODULES = YES;
				CLANG_ENABLE_OBJC_ARC = YES;
				CLANG_WARN_BOOL_CONVERSION = YES;
				CLANG_WARN_CONSTANT_CONVERSION = YES;
				CLANG_WARN_DIRECT_OBJC_ISA_USAGE = YES_ERROR;
				CLANG_WARN_DOCUMENTATION_COMMENTS = YES;
				CLANG_WARN_EMPTY_BODY = YES;
				CLANG_WARN_ENUM_CONVERSION = YES;
				CLANG_WARN_INFINITE_RECURSION = YES;
				CLANG_WARN_INT_CONVERSION = YES;
				CLANG_WARN_OBJC_ROOT_CLASS = YES_ERROR;
				CLANG_WARN_SUSPICIOUS_MOVE = YES;
				CLANG_WARN_UNREACHABLE_CODE = YES;
				CLANG_WARN__DUPLICATE_METHOD_MATCH = YES;
				"CODE_SIGN_IDENTITY[sdk=iphoneos*]" = "iPhone Developer";
				COPY_PHASE_STRIP = NO;
				DEBUG_INFORMATION_FORMAT = dwarf;
				ENABLE_STRICT_OBJC_MSGSEND = YES;
				ENABLE_TESTABILITY = YES;
				GCC_C_LANGUAGE_STANDARD = gnu99;
				GCC_DYNAMIC_NO_PIC = NO;
				GCC_NO_COMMON_BLOCKS = YES;
				GCC_OPTIMIZATION_LEVEL = 0;
				GCC_PREPROCESSOR_DEFINITIONS = (
					"DEBUG=1",
					"$(inherited)",
				);
				GCC_WARN_64_TO_32_BIT_CONVERSION = YES;
				GCC_WARN_ABOUT_RETURN_TYPE = YES_ERROR;
				GCC_WARN_UNDECLARED_SELECTOR = YES;
				GCC_WARN_UNINITIALIZED_AUTOS = YES_AGGRESSIVE;
				GCC_WARN_UNUSED_FUNCTION = YES;
				GCC_WARN_UNUSED_VARIABLE = YES;
				IPHONEOS_DEPLOYMENT_TARGET = 10.3;
				MTL_ENABLE_DEBUG_INFO = YES;
				ONLY_ACTIVE_ARCH = YES;
				SDKROOT = iphoneos;
				SWIFT_ACTIVE_COMPILATION_CONDITIONS = DEBUG;
				SWIFT_OPTIMIZATION_LEVEL = "-Onone";
			};
			name = Debug;
		};
		942302CD1E9A63D000F312B3 /* Release */ = {
			isa = XCBuildConfiguration;
			buildSettings = {
				ALWAYS_SEARCH_USER_PATHS = NO;
				CLANG_ANALYZER_NONNULL = YES;
				CLANG_ANALYZER_NUMBER_OBJECT_CONVERSION = YES_AGGRESSIVE;
				CLANG_CXX_LANGUAGE_STANDARD = "gnu++0x";
				CLANG_CXX_LIBRARY = "libc++";
				CLANG_ENABLE_MODULES = YES;
				CLANG_ENABLE_OBJC_ARC = YES;
				CLANG_WARN_BOOL_CONVERSION = YES;
				CLANG_WARN_CONSTANT_CONVERSION = YES;
				CLANG_WARN_DIRECT_OBJC_ISA_USAGE = YES_ERROR;
				CLANG_WARN_DOCUMENTATION_COMMENTS = YES;
				CLANG_WARN_EMPTY_BODY = YES;
				CLANG_WARN_ENUM_CONVERSION = YES;
				CLANG_WARN_INFINITE_RECURSION = YES;
				CLANG_WARN_INT_CONVERSION = YES;
				CLANG_WARN_OBJC_ROOT_CLASS = YES_ERROR;
				CLANG_WARN_SUSPICIOUS_MOVE = YES;
				CLANG_WARN_UNREACHABLE_CODE = YES;
				CLANG_WARN__DUPLICATE_METHOD_MATCH = YES;
				"CODE_SIGN_IDENTITY[sdk=iphoneos*]" = "iPhone Developer";
				COPY_PHASE_STRIP = NO;
				DEBUG_INFORMATION_FORMAT = "dwarf-with-dsym";
				ENABLE_NS_ASSERTIONS = NO;
				ENABLE_STRICT_OBJC_MSGSEND = YES;
				GCC_C_LANGUAGE_STANDARD = gnu99;
				GCC_NO_COMMON_BLOCKS = YES;
				GCC_WARN_64_TO_32_BIT_CONVERSION = YES;
				GCC_WARN_ABOUT_RETURN_TYPE = YES_ERROR;
				GCC_WARN_UNDECLARED_SELECTOR = YES;
				GCC_WARN_UNINITIALIZED_AUTOS = YES_AGGRESSIVE;
				GCC_WARN_UNUSED_FUNCTION = YES;
				GCC_WARN_UNUSED_VARIABLE = YES;
				IPHONEOS_DEPLOYMENT_TARGET = 10.3;
				MTL_ENABLE_DEBUG_INFO = NO;
				SDKROOT = iphoneos;
				SWIFT_OPTIMIZATION_LEVEL = "-Owholemodule";
				VALIDATE_PRODUCT = YES;
			};
			name = Release;
		};
		942302CF1E9A63D000F312B3 /* Debug */ = {
			isa = XCBuildConfiguration;
			baseConfigurationReference = FCEF8C71F4BE928342350A7D /* Pods-Swift_Sudoku_Solver.debug.xcconfig */;
			buildSettings = {
				ASSETCATALOG_COMPILER_APPICON_NAME = AppIcon;
				DEVELOPMENT_TEAM = 5G688TPL65;
				INFOPLIST_FILE = Swift_Sudoku_Solver/Info.plist;
				IPHONEOS_DEPLOYMENT_TARGET = 8.0;
				LD_RUNPATH_SEARCH_PATHS = "$(inherited) @executable_path/Frameworks";
				PRODUCT_BUNDLE_IDENTIFIER = "com.Focus.Swift-Sudoku-Solver";
				PRODUCT_NAME = "$(TARGET_NAME)";
				SWIFT_VERSION = 3.0;
			};
			name = Debug;
		};
		942302D01E9A63D000F312B3 /* Release */ = {
			isa = XCBuildConfiguration;
			baseConfigurationReference = 49ADCBFDED3755F298CD58A0 /* Pods-Swift_Sudoku_Solver.release.xcconfig */;
			buildSettings = {
				ASSETCATALOG_COMPILER_APPICON_NAME = AppIcon;
				DEVELOPMENT_TEAM = 5G688TPL65;
				INFOPLIST_FILE = Swift_Sudoku_Solver/Info.plist;
				IPHONEOS_DEPLOYMENT_TARGET = 8.0;
				LD_RUNPATH_SEARCH_PATHS = "$(inherited) @executable_path/Frameworks";
				PRODUCT_BUNDLE_IDENTIFIER = "com.Focus.Swift-Sudoku-Solver";
				PRODUCT_NAME = "$(TARGET_NAME)";
				SWIFT_VERSION = 3.0;
			};
			name = Release;
		};
/* End XCBuildConfiguration section */

/* Begin XCConfigurationList section */
		942302B71E9A63D000F312B3 /* Build configuration list for PBXProject "Swift_Sudoku_Solver" */ = {
			isa = XCConfigurationList;
			buildConfigurations = (
				942302CC1E9A63D000F312B3 /* Debug */,
				942302CD1E9A63D000F312B3 /* Release */,
			);
			defaultConfigurationIsVisible = 0;
			defaultConfigurationName = Release;
		};
		942302CE1E9A63D000F312B3 /* Build configuration list for PBXNativeTarget "Swift_Sudoku_Solver" */ = {
			isa = XCConfigurationList;
			buildConfigurations = (
				942302CF1E9A63D000F312B3 /* Debug */,
				942302D01E9A63D000F312B3 /* Release */,
			);
			defaultConfigurationIsVisible = 0;
			defaultConfigurationName = Release;
		};
/* End XCConfigurationList section */
	};
	rootObject = 942302B41E9A63D000F312B3 /* Project object */;
}
