// !$*UTF8*$!
{
	archiveVersion = 1;
	classes = {
	};
	objectVersion = 55;
	objects = {

/* Begin PBXBuildFile section */
		0B8DC4BFCB668ECA31097E1F /* Pods_Swift_Sudoku_Solver.framework in Frameworks */ = {isa = PBXBuildFile; fileRef = 013B3642BE90200F2D62FB8F /* Pods_Swift_Sudoku_Solver.framework */; settings = {ATTRIBUTES = (Required, ); }; };
		3D7166122994F99800DE75FF /* PurchaseViewController.swift in Sources */ = {isa = PBXBuildFile; fileRef = 3D7166112994F99800DE75FF /* PurchaseViewController.swift */; };
		3D71661529950B7C00DE75FF /* AccountInfo.swift in Sources */ = {isa = PBXBuildFile; fileRef = 3D71661429950B7C00DE75FF /* AccountInfo.swift */; };
		942302C01E9A63D000F312B3 /* AppDelegate.swift in Sources */ = {isa = PBXBuildFile; fileRef = 942302BF1E9A63D000F312B3 /* AppDelegate.swift */; };
		942302C21E9A63D000F312B3 /* ViewController.swift in Sources */ = {isa = PBXBuildFile; fileRef = 942302C11E9A63D000F312B3 /* ViewController.swift */; };
		942302C51E9A63D000F312B3 /* Main.storyboard in Resources */ = {isa = PBXBuildFile; fileRef = 942302C31E9A63D000F312B3 /* Main.storyboard */; };
		942302C71E9A63D000F312B3 /* Assets.xcassets in Resources */ = {isa = PBXBuildFile; fileRef = 942302C61E9A63D000F312B3 /* Assets.xcassets */; };
		942302CA1E9A63D000F312B3 /* LaunchScreen.storyboard in Resources */ = {isa = PBXBuildFile; fileRef = 942302C81E9A63D000F312B3 /* LaunchScreen.storyboard */; };
		942302DD1E9A687300F312B3 /* DLCommon.swift in Sources */ = {isa = PBXBuildFile; fileRef = 942302D31E9A687300F312B3 /* DLCommon.swift */; };
		942302DE1E9A687300F312B3 /* UIView+Extension.swift in Sources */ = {isa = PBXBuildFile; fileRef = 942302D41E9A687300F312B3 /* UIView+Extension.swift */; };
		942302E01E9A687300F312B3 /* DLSudokuSolver.swift in Sources */ = {isa = PBXBuildFile; fileRef = 942302D91E9A687300F312B3 /* DLSudokuSolver.swift */; };
		942302E21E9A687300F312B3 /* DLNumberButton.swift in Sources */ = {isa = PBXBuildFile; fileRef = 942302DC1E9A687300F312B3 /* DLNumberButton.swift */; };
		942302E41E9A689B00F312B3 /* DLSolverViewController.swift in Sources */ = {isa = PBXBuildFile; fileRef = 942302E31E9A689B00F312B3 /* DLSolverViewController.swift */; };
		942A70CA1EADDB4300D07D64 /* DLHelpListCN.plist in Resources */ = {isa = PBXBuildFile; fileRef = 942A70C91EADDB4300D07D64 /* DLHelpListCN.plist */; };
		942A70CE1EADEF6A00D07D64 /* DLUnfoldTableViewController.swift in Sources */ = {isa = PBXBuildFile; fileRef = 942A70CD1EADEF6A00D07D64 /* DLUnfoldTableViewController.swift */; };
		942A70D01EADEF7F00D07D64 /* DLUnfoldTableViewCell.swift in Sources */ = {isa = PBXBuildFile; fileRef = 942A70CF1EADEF7F00D07D64 /* DLUnfoldTableViewCell.swift */; };
		942A70D21EADEF9B00D07D64 /* DLUnfoldTableViewHeaderFooterView.swift in Sources */ = {isa = PBXBuildFile; fileRef = 942A70D11EADEF9B00D07D64 /* DLUnfoldTableViewHeaderFooterView.swift */; };
		942A70D41EADEFBE00D07D64 /* DLUnfoldGroupModel.swift in Sources */ = {isa = PBXBuildFile; fileRef = 942A70D31EADEFBE00D07D64 /* DLUnfoldGroupModel.swift */; };
		942A70D61EADEFDA00D07D64 /* DLUnfoldDetailModel.swift in Sources */ = {isa = PBXBuildFile; fileRef = 942A70D51EADEFDA00D07D64 /* DLUnfoldDetailModel.swift */; };
		942AE67E1EA0F76D00009CF2 /* UIButton+Extension.swift in Sources */ = {isa = PBXBuildFile; fileRef = 942AE67D1EA0F76D00009CF2 /* UIButton+Extension.swift */; };
		942AE6801EA0FADE00009CF2 /* DLFunctionButton.swift in Sources */ = {isa = PBXBuildFile; fileRef = 942AE67F1EA0FADE00009CF2 /* DLFunctionButton.swift */; };
		942FC2AA1EACCDDE0091BFF7 /* DLNewFeatureCN.plist in Resources */ = {isa = PBXBuildFile; fileRef = 942FC2A91EACCDDE0091BFF7 /* DLNewFeatureCN.plist */; };
		942FC2AC1EACCE4D0091BFF7 /* DLNewFeatureEN.plist in Resources */ = {isa = PBXBuildFile; fileRef = 942FC2AB1EACCE4D0091BFF7 /* DLNewFeatureEN.plist */; };
		942FC2AE1EACD8420091BFF7 /* UILabel+Extension.swift in Sources */ = {isa = PBXBuildFile; fileRef = 942FC2AD1EACD8420091BFF7 /* UILabel+Extension.swift */; };
		942FC2B01EACDE580091BFF7 /* DLHelpListEN.plist in Resources */ = {isa = PBXBuildFile; fileRef = 942FC2AF1EACDE580091BFF7 /* DLHelpListEN.plist */; };
		9437DF0A1EAB853E0002C4C3 /* DLHelpModel.swift in Sources */ = {isa = PBXBuildFile; fileRef = 9437DF091EAB853E0002C4C3 /* DLHelpModel.swift */; };
		9437DF111EAB8C490002C4C3 /* DLShowInfoFlowLayout.swift in Sources */ = {isa = PBXBuildFile; fileRef = 9437DF101EAB8C490002C4C3 /* DLShowInfoFlowLayout.swift */; };
		9437DF131EAB8C730002C4C3 /* DLShowInfoCollectionViewCell.swift in Sources */ = {isa = PBXBuildFile; fileRef = 9437DF121EAB8C730002C4C3 /* DLShowInfoCollectionViewCell.swift */; };
		9437DF151EAB8D1B0002C4C3 /* DLShowInfoModel.swift in Sources */ = {isa = PBXBuildFile; fileRef = 9437DF141EAB8D1B0002C4C3 /* DLShowInfoModel.swift */; };
		9437DF171EAB94450002C4C3 /* DLShowInfoCollectionView.swift in Sources */ = {isa = PBXBuildFile; fileRef = 9437DF161EAB94450002C4C3 /* DLShowInfoCollectionView.swift */; };
		9439C7B21EAC2FD00067186A /* DLNewFeatureViewController.swift in Sources */ = {isa = PBXBuildFile; fileRef = 9439C7B11EAC2FD00067186A /* DLNewFeatureViewController.swift */; };
		94A147C51EAA266C00028EE5 /* Localizable.strings in Resources */ = {isa = PBXBuildFile; fileRef = 94A147C71EAA266C00028EE5 /* Localizable.strings */; };
		94A147CA1EAA273800028EE5 /* String+Extension.swift in Sources */ = {isa = PBXBuildFile; fileRef = 94A147C91EAA273800028EE5 /* String+Extension.swift */; };
		94A147CC1EAA2A7000028EE5 /* InfoPlist.strings in Resources */ = {isa = PBXBuildFile; fileRef = 94A147C11EAA262700028EE5 /* InfoPlist.strings */; };
		94AC7BCD23B0D843002428DC /* UIImage+Extension.swift in Sources */ = {isa = PBXBuildFile; fileRef = 94AC7BCC23B0D843002428DC /* UIImage+Extension.swift */; };
		94E008BE1EAA45E400F08241 /* UIColor+Extension.swift in Sources */ = {isa = PBXBuildFile; fileRef = 94E008BD1EAA45E400F08241 /* UIColor+Extension.swift */; };
/* End PBXBuildFile section */

/* Begin PBXFileReference section */
		013B3642BE90200F2D62FB8F /* Pods_Swift_Sudoku_Solver.framework */ = {isa = PBXFileReference; explicitFileType = wrapper.framework; includeInIndex = 0; path = Pods_Swift_Sudoku_Solver.framework; sourceTree = BUILT_PRODUCTS_DIR; };
		3D7166112994F99800DE75FF /* PurchaseViewController.swift */ = {isa = PBXFileReference; lastKnownFileType = sourcecode.swift; path = PurchaseViewController.swift; sourceTree = "<group>"; };
		3D71661429950B7C00DE75FF /* AccountInfo.swift */ = {isa = PBXFileReference; lastKnownFileType = sourcecode.swift; path = AccountInfo.swift; sourceTree = "<group>"; };
		49ADCBFDED3755F298CD58A0 /* Pods-Swift_Sudoku_Solver.release.xcconfig */ = {isa = PBXFileReference; includeInIndex = 1; lastKnownFileType = text.xcconfig; name = "Pods-Swift_Sudoku_Solver.release.xcconfig"; path = "Pods/Target Support Files/Pods-Swift_Sudoku_Solver/Pods-Swift_Sudoku_Solver.release.xcconfig"; sourceTree = "<group>"; };
		942302BC1E9A63D000F312B3 /* SudokuSolver2.app */ = {isa = PBXFileReference; explicitFileType = wrapper.application; includeInIndex = 0; path = SudokuSolver2.app; sourceTree = BUILT_PRODUCTS_DIR; };
		942302BF1E9A63D000F312B3 /* AppDelegate.swift */ = {isa = PBXFileReference; lastKnownFileType = sourcecode.swift; path = AppDelegate.swift; sourceTree = "<group>"; };
		942302C11E9A63D000F312B3 /* ViewController.swift */ = {isa = PBXFileReference; lastKnownFileType = sourcecode.swift; path = ViewController.swift; sourceTree = "<group>"; };
		942302C41E9A63D000F312B3 /* Base */ = {isa = PBXFileReference; lastKnownFileType = file.storyboard; name = Base; path = Base.lproj/Main.storyboard; sourceTree = "<group>"; };
		942302C61E9A63D000F312B3 /* Assets.xcassets */ = {isa = PBXFileReference; lastKnownFileType = folder.assetcatalog; path = Assets.xcassets; sourceTree = "<group>"; };
		942302C91E9A63D000F312B3 /* Base */ = {isa = PBXFileReference; lastKnownFileType = file.storyboard; name = Base; path = Base.lproj/LaunchScreen.storyboard; sourceTree = "<group>"; };
		942302D31E9A687300F312B3 /* DLCommon.swift */ = {isa = PBXFileReference; fileEncoding = 4; lastKnownFileType = sourcecode.swift; path = DLCommon.swift; sourceTree = "<group>"; };
		942302D41E9A687300F312B3 /* UIView+Extension.swift */ = {isa = PBXFileReference; fileEncoding = 4; lastKnownFileType = sourcecode.swift; path = "UIView+Extension.swift"; sourceTree = "<group>"; };
		942302D91E9A687300F312B3 /* DLSudokuSolver.swift */ = {isa = PBXFileReference; fileEncoding = 4; lastKnownFileType = sourcecode.swift; path = DLSudokuSolver.swift; sourceTree = "<group>"; };
		942302DC1E9A687300F312B3 /* DLNumberButton.swift */ = {isa = PBXFileReference; fileEncoding = 4; lastKnownFileType = sourcecode.swift; path = DLNumberButton.swift; sourceTree = "<group>"; };
		942302E31E9A689B00F312B3 /* DLSolverViewController.swift */ = {isa = PBXFileReference; fileEncoding = 4; lastKnownFileType = sourcecode.swift; path = DLSolverViewController.swift; sourceTree = "<group>"; };
		942A70C91EADDB4300D07D64 /* DLHelpListCN.plist */ = {isa = PBXFileReference; fileEncoding = 4; lastKnownFileType = text.plist.xml; path = DLHelpListCN.plist; sourceTree = "<group>"; };
		942A70CD1EADEF6A00D07D64 /* DLUnfoldTableViewController.swift */ = {isa = PBXFileReference; fileEncoding = 4; lastKnownFileType = sourcecode.swift; path = DLUnfoldTableViewController.swift; sourceTree = "<group>"; };
		942A70CF1EADEF7F00D07D64 /* DLUnfoldTableViewCell.swift */ = {isa = PBXFileReference; fileEncoding = 4; lastKnownFileType = sourcecode.swift; path = DLUnfoldTableViewCell.swift; sourceTree = "<group>"; };
		942A70D11EADEF9B00D07D64 /* DLUnfoldTableViewHeaderFooterView.swift */ = {isa = PBXFileReference; fileEncoding = 4; lastKnownFileType = sourcecode.swift; path = DLUnfoldTableViewHeaderFooterView.swift; sourceTree = "<group>"; };
		942A70D31EADEFBE00D07D64 /* DLUnfoldGroupModel.swift */ = {isa = PBXFileReference; fileEncoding = 4; lastKnownFileType = sourcecode.swift; path = DLUnfoldGroupModel.swift; sourceTree = "<group>"; };
		942A70D51EADEFDA00D07D64 /* DLUnfoldDetailModel.swift */ = {isa = PBXFileReference; fileEncoding = 4; lastKnownFileType = sourcecode.swift; path = DLUnfoldDetailModel.swift; sourceTree = "<group>"; };
		942AE67D1EA0F76D00009CF2 /* UIButton+Extension.swift */ = {isa = PBXFileReference; fileEncoding = 4; lastKnownFileType = sourcecode.swift; path = "UIButton+Extension.swift"; sourceTree = "<group>"; };
		942AE67F1EA0FADE00009CF2 /* DLFunctionButton.swift */ = {isa = PBXFileReference; fileEncoding = 4; lastKnownFileType = sourcecode.swift; path = DLFunctionButton.swift; sourceTree = "<group>"; };
		942FC2A91EACCDDE0091BFF7 /* DLNewFeatureCN.plist */ = {isa = PBXFileReference; fileEncoding = 4; lastKnownFileType = text.plist.xml; path = DLNewFeatureCN.plist; sourceTree = "<group>"; };
		942FC2AB1EACCE4D0091BFF7 /* DLNewFeatureEN.plist */ = {isa = PBXFileReference; fileEncoding = 4; lastKnownFileType = text.plist.xml; path = DLNewFeatureEN.plist; sourceTree = "<group>"; };
		942FC2AD1EACD8420091BFF7 /* UILabel+Extension.swift */ = {isa = PBXFileReference; fileEncoding = 4; lastKnownFileType = sourcecode.swift; path = "UILabel+Extension.swift"; sourceTree = "<group>"; };
		942FC2AF1EACDE580091BFF7 /* DLHelpListEN.plist */ = {isa = PBXFileReference; fileEncoding = 4; lastKnownFileType = text.plist.xml; path = DLHelpListEN.plist; sourceTree = "<group>"; };
		9437DF091EAB853E0002C4C3 /* DLHelpModel.swift */ = {isa = PBXFileReference; fileEncoding = 4; lastKnownFileType = sourcecode.swift; path = DLHelpModel.swift; sourceTree = "<group>"; };
		9437DF101EAB8C490002C4C3 /* DLShowInfoFlowLayout.swift */ = {isa = PBXFileReference; fileEncoding = 4; lastKnownFileType = sourcecode.swift; path = DLShowInfoFlowLayout.swift; sourceTree = "<group>"; };
		9437DF121EAB8C730002C4C3 /* DLShowInfoCollectionViewCell.swift */ = {isa = PBXFileReference; fileEncoding = 4; lastKnownFileType = sourcecode.swift; path = DLShowInfoCollectionViewCell.swift; sourceTree = "<group>"; };
		9437DF141EAB8D1B0002C4C3 /* DLShowInfoModel.swift */ = {isa = PBXFileReference; fileEncoding = 4; lastKnownFileType = sourcecode.swift; path = DLShowInfoModel.swift; sourceTree = "<group>"; };
		9437DF161EAB94450002C4C3 /* DLShowInfoCollectionView.swift */ = {isa = PBXFileReference; fileEncoding = 4; lastKnownFileType = sourcecode.swift; path = DLShowInfoCollectionView.swift; sourceTree = "<group>"; };
		9439C7B11EAC2FD00067186A /* DLNewFeatureViewController.swift */ = {isa = PBXFileReference; fileEncoding = 4; lastKnownFileType = sourcecode.swift; path = DLNewFeatureViewController.swift; sourceTree = "<group>"; };
		94A0C2401EA5FAA60010BF85 /* zh-Hans */ = {isa = PBXFileReference; lastKnownFileType = text.plist.strings; name = "zh-Hans"; path = "zh-Hans.lproj/Main.strings"; sourceTree = "<group>"; };
		94A0C2411EA5FAA60010BF85 /* zh-Hans */ = {isa = PBXFileReference; lastKnownFileType = text.plist.strings; name = "zh-Hans"; path = "zh-Hans.lproj/LaunchScreen.strings"; sourceTree = "<group>"; };
		94A0C2441EA5FB8E0010BF85 /* zh-Hans */ = {isa = PBXFileReference; lastKnownFileType = text.plist.xml; name = "zh-Hans"; path = "zh-Hans.lproj/Info.plist"; sourceTree = "<group>"; };
		94A147C01EAA262700028EE5 /* en */ = {isa = PBXFileReference; lastKnownFileType = text.plist.strings; name = en; path = en.lproj/InfoPlist.strings; sourceTree = "<group>"; };
		94A147C21EAA262C00028EE5 /* zh-Hans */ = {isa = PBXFileReference; lastKnownFileType = text.plist.strings; name = "zh-Hans"; path = "zh-Hans.lproj/InfoPlist.strings"; sourceTree = "<group>"; };
		94A147C61EAA266C00028EE5 /* en */ = {isa = PBXFileReference; lastKnownFileType = text.plist.strings; name = en; path = en.lproj/Localizable.strings; sourceTree = "<group>"; };
		94A147C81EAA266D00028EE5 /* zh-Hans */ = {isa = PBXFileReference; lastKnownFileType = text.plist.strings; name = "zh-Hans"; path = "zh-Hans.lproj/Localizable.strings"; sourceTree = "<group>"; };
		94A147C91EAA273800028EE5 /* String+Extension.swift */ = {isa = PBXFileReference; fileEncoding = 4; lastKnownFileType = sourcecode.swift; path = "String+Extension.swift"; sourceTree = "<group>"; };
		94AC7BCC23B0D843002428DC /* UIImage+Extension.swift */ = {isa = PBXFileReference; lastKnownFileType = sourcecode.swift; path = "UIImage+Extension.swift"; sourceTree = "<group>"; };
		94E008BD1EAA45E400F08241 /* UIColor+Extension.swift */ = {isa = PBXFileReference; fileEncoding = 4; lastKnownFileType = sourcecode.swift; path = "UIColor+Extension.swift"; sourceTree = "<group>"; };
		FCEF8C71F4BE928342350A7D /* Pods-Swift_Sudoku_Solver.debug.xcconfig */ = {isa = PBXFileReference; includeInIndex = 1; lastKnownFileType = text.xcconfig; name = "Pods-Swift_Sudoku_Solver.debug.xcconfig"; path = "Pods/Target Support Files/Pods-Swift_Sudoku_Solver/Pods-Swift_Sudoku_Solver.debug.xcconfig"; sourceTree = "<group>"; };
/* End PBXFileReference section */

/* Begin PBXFrameworksBuildPhase section */
		942302B91E9A63D000F312B3 /* Frameworks */ = {
			isa = PBXFrameworksBuildPhase;
			buildActionMask = 2147483647;
			files = (
				0B8DC4BFCB668ECA31097E1F /* Pods_Swift_Sudoku_Solver.framework in Frameworks */,
			);
			runOnlyForDeploymentPostprocessing = 0;
		};
/* End PBXFrameworksBuildPhase section */

/* Begin PBXGroup section */
		3D7166102994F97400DE75FF /* Purchased */ = {
			isa = PBXGroup;
			children = (
				3D7166112994F99800DE75FF /* PurchaseViewController.swift */,
			);
			path = Purchased;
			sourceTree = "<group>";
		};
		3D71661329950B7000DE75FF /* AcccountInfo */ = {
			isa = PBXGroup;
			children = (
				3D71661429950B7C00DE75FF /* AccountInfo.swift */,
			);
			path = AcccountInfo;
			sourceTree = "<group>";
		};
		3EA0DA7D52AA62DC78458C93 /* Pods */ = {
			isa = PBXGroup;
			children = (
				FCEF8C71F4BE928342350A7D /* Pods-Swift_Sudoku_Solver.debug.xcconfig */,
				49ADCBFDED3755F298CD58A0 /* Pods-Swift_Sudoku_Solver.release.xcconfig */,
			);
			name = Pods;
			sourceTree = "<group>";
		};
		942302B31E9A63D000F312B3 = {
			isa = PBXGroup;
			children = (
				942302BE1E9A63D000F312B3 /* Swift_Sudoku_Solver */,
				942302BD1E9A63D000F312B3 /* Products */,
				3EA0DA7D52AA62DC78458C93 /* Pods */,
				D7A4D951B0FC025F77AE2DFF /* Frameworks */,
			);
			sourceTree = "<group>";
		};
		942302BD1E9A63D000F312B3 /* Products */ = {
			isa = PBXGroup;
			children = (
				942302BC1E9A63D000F312B3 /* SudokuSolver2.app */,
			);
			name = Products;
			sourceTree = "<group>";
		};
		942302BE1E9A63D000F312B3 /* Swift_Sudoku_Solver */ = {
			isa = PBXGroup;
			children = (
				942302D11E9A687300F312B3 /* Classes */,
				942302BF1E9A63D000F312B3 /* AppDelegate.swift */,
				942302C11E9A63D000F312B3 /* ViewController.swift */,
				942302C31E9A63D000F312B3 /* Main.storyboard */,
				942302C61E9A63D000F312B3 /* Assets.xcassets */,
				942302C81E9A63D000F312B3 /* LaunchScreen.storyboard */,
				94A0C2451EA5FB8E0010BF85 /* Info.plist */,
				94A147C11EAA262700028EE5 /* InfoPlist.strings */,
				94A147C71EAA266C00028EE5 /* Localizable.strings */,
			);
			path = Swift_Sudoku_Solver;
			sourceTree = "<group>";
		};
		942302D11E9A687300F312B3 /* Classes */ = {
			isa = PBXGroup;
			children = (
				3D71661329950B7000DE75FF /* AcccountInfo */,
				3D7166102994F97400DE75FF /* Purchased */,
				942A70CC1EADEF4A00D07D64 /* DLUnfoldCell */,
				9437DF0D1EAB8C220002C4C3 /* ShowInfo */,
				942302D21E9A687300F312B3 /* Common */,
				942302D51E9A687300F312B3 /* Controller */,
				942302D61E9A687300F312B3 /* Model */,
				942302D71E9A687300F312B3 /* SudokuSolver */,
				942302DA1E9A687300F312B3 /* View */,
			);
			path = Classes;
			sourceTree = "<group>";
		};
		942302D21E9A687300F312B3 /* Common */ = {
			isa = PBXGroup;
			children = (
				942302D31E9A687300F312B3 /* DLCommon.swift */,
				94A147C91EAA273800028EE5 /* String+Extension.swift */,
				942302D41E9A687300F312B3 /* UIView+Extension.swift */,
				942AE67D1EA0F76D00009CF2 /* UIButton+Extension.swift */,
				94E008BD1EAA45E400F08241 /* UIColor+Extension.swift */,
				942FC2AD1EACD8420091BFF7 /* UILabel+Extension.swift */,
				94AC7BCC23B0D843002428DC /* UIImage+Extension.swift */,
			);
			path = Common;
			sourceTree = "<group>";
		};
		942302D51E9A687300F312B3 /* Controller */ = {
			isa = PBXGroup;
			children = (
				942302E31E9A689B00F312B3 /* DLSolverViewController.swift */,
				9439C7B11EAC2FD00067186A /* DLNewFeatureViewController.swift */,
				942FC2A91EACCDDE0091BFF7 /* DLNewFeatureCN.plist */,
				942FC2AB1EACCE4D0091BFF7 /* DLNewFeatureEN.plist */,
				942FC2AF1EACDE580091BFF7 /* DLHelpListEN.plist */,
				942A70C91EADDB4300D07D64 /* DLHelpListCN.plist */,
			);
			path = Controller;
			sourceTree = "<group>";
		};
		942302D61E9A687300F312B3 /* Model */ = {
			isa = PBXGroup;
			children = (
				9437DF091EAB853E0002C4C3 /* DLHelpModel.swift */,
			);
			path = Model;
			sourceTree = "<group>";
		};
		942302D71E9A687300F312B3 /* SudokuSolver */ = {
			isa = PBXGroup;
			children = (
				942302D91E9A687300F312B3 /* DLSudokuSolver.swift */,
			);
			path = SudokuSolver;
			sourceTree = "<group>";
		};
		942302DA1E9A687300F312B3 /* View */ = {
			isa = PBXGroup;
			children = (
				942302DC1E9A687300F312B3 /* DLNumberButton.swift */,
				942AE67F1EA0FADE00009CF2 /* DLFunctionButton.swift */,
			);
			path = View;
			sourceTree = "<group>";
		};
		942A70CC1EADEF4A00D07D64 /* DLUnfoldCell */ = {
			isa = PBXGroup;
			children = (
				942A70CD1EADEF6A00D07D64 /* DLUnfoldTableViewController.swift */,
				942A70CF1EADEF7F00D07D64 /* DLUnfoldTableViewCell.swift */,
				942A70D11EADEF9B00D07D64 /* DLUnfoldTableViewHeaderFooterView.swift */,
				942A70D31EADEFBE00D07D64 /* DLUnfoldGroupModel.swift */,
				942A70D51EADEFDA00D07D64 /* DLUnfoldDetailModel.swift */,
			);
			path = DLUnfoldCell;
			sourceTree = "<group>";
		};
		9437DF0D1EAB8C220002C4C3 /* ShowInfo */ = {
			isa = PBXGroup;
			children = (
				9437DF101EAB8C490002C4C3 /* DLShowInfoFlowLayout.swift */,
				9437DF121EAB8C730002C4C3 /* DLShowInfoCollectionViewCell.swift */,
				9437DF141EAB8D1B0002C4C3 /* DLShowInfoModel.swift */,
				9437DF161EAB94450002C4C3 /* DLShowInfoCollectionView.swift */,
			);
			path = ShowInfo;
			sourceTree = "<group>";
		};
		D7A4D951B0FC025F77AE2DFF /* Frameworks */ = {
			isa = PBXGroup;
			children = (
				013B3642BE90200F2D62FB8F /* Pods_Swift_Sudoku_Solver.framework */,
			);
			name = Frameworks;
			sourceTree = "<group>";
		};
/* End PBXGroup section */

/* Begin PBXNativeTarget section */
		942302BB1E9A63D000F312B3 /* Swift_Sudoku_Solver */ = {
			isa = PBXNativeTarget;
			buildConfigurationList = 942302CE1E9A63D000F312B3 /* Build configuration list for PBXNativeTarget "Swift_Sudoku_Solver" */;
			buildPhases = (
				DE822E82364920B4C2672D40 /* [CP] Check Pods Manifest.lock */,
				942302B81E9A63D000F312B3 /* Sources */,
				942302B91E9A63D000F312B3 /* Frameworks */,
				942302BA1E9A63D000F312B3 /* Resources */,
				FC947A1FC68D17B588D507AD /* [CP] Embed Pods Frameworks */,
				8755ECD31E5BA456934643F6 /* [CP] Copy Pods Resources */,
			);
			buildRules = (
			);
			dependencies = (
			);
			name = Swift_Sudoku_Solver;
			productName = Swift_Sudoku_Solver;
			productReference = 942302BC1E9A63D000F312B3 /* SudokuSolver2.app */;
			productType = "com.apple.product-type.application";
		};
/* End PBXNativeTarget section */

/* Begin PBXProject section */
		942302B41E9A63D000F312B3 /* Project object */ = {
			isa = PBXProject;
			attributes = {
				CLASSPREFIX = DL;
				LastSwiftUpdateCheck = 0830;
				LastUpgradeCheck = 1110;
				ORGANIZATIONNAME = Focus;
				TargetAttributes = {
					942302BB1E9A63D000F312B3 = {
						CreatedOnToolsVersion = 8.3;
						SystemCapabilities = {
							com.apple.Push = {
								enabled = 0;
							};
						};
					};
				};
			};
			buildConfigurationList = 942302B71E9A63D000F312B3 /* Build configuration list for PBXProject "Swift_Sudoku_Solver" */;
			compatibilityVersion = "Xcode 13.0";
			developmentRegion = en;
			hasScannedForEncodings = 0;
			knownRegions = (
				en,
				Base,
				"zh-Hans",
			);
			mainGroup = 942302B31E9A63D000F312B3;
			productRefGroup = 942302BD1E9A63D000F312B3 /* Products */;
			projectDirPath = "";
			projectRoot = "";
			targets = (
				942302BB1E9A63D000F312B3 /* Swift_Sudoku_Solver */,
			);
		};
/* End PBXProject section */

/* Begin PBXResourcesBuildPhase section */
		942302BA1E9A63D000F312B3 /* Resources */ = {
			isa = PBXResourcesBuildPhase;
			buildActionMask = 2147483647;
			files = (
				94A147CC1EAA2A7000028EE5 /* InfoPlist.strings in Resources */,
				942A70CA1EADDB4300D07D64 /* DLHelpListCN.plist in Resources */,
				942FC2AC1EACCE4D0091BFF7 /* DLNewFeatureEN.plist in Resources */,
				94A147C51EAA266C00028EE5 /* Localizable.strings in Resources */,
				942302CA1E9A63D000F312B3 /* LaunchScreen.storyboard in Resources */,
				942FC2AA1EACCDDE0091BFF7 /* DLNewFeatureCN.plist in Resources */,
				942FC2B01EACDE580091BFF7 /* DLHelpListEN.plist in Resources */,
				942302C71E9A63D000F312B3 /* Assets.xcassets in Resources */,
				942302C51E9A63D000F312B3 /* Main.storyboard in Resources */,
			);
			runOnlyForDeploymentPostprocessing = 0;
		};
/* End PBXResourcesBuildPhase section */

/* Begin PBXShellScriptBuildPhase section */
		8755ECD31E5BA456934643F6 /* [CP] Copy Pods Resources */ = {
			isa = PBXShellScriptBuildPhase;
			buildActionMask = 2147483647;
			files = (
			);
			inputPaths = (
			);
			name = "[CP] Copy Pods Resources";
			outputPaths = (
			);
			runOnlyForDeploymentPostprocessing = 0;
			shellPath = /bin/sh;
			shellScript = "\"${SRCROOT}/Pods/Target Support Files/Pods-Swift_Sudoku_Solver/Pods-Swift_Sudoku_Solver-resources.sh\"\n";
			showEnvVarsInLog = 0;
		};
		DE822E82364920B4C2672D40 /* [CP] Check Pods Manifest.lock */ = {
			isa = PBXShellScriptBuildPhase;
			buildActionMask = 2147483647;
			files = (
			);
			inputPaths = (
			);
			name = "[CP] Check Pods Manifest.lock";
			outputPaths = (
			);
			runOnlyForDeploymentPostprocessing = 0;
			shellPath = /bin/sh;
			shellScript = "diff \"${PODS_ROOT}/../Podfile.lock\" \"${PODS_ROOT}/Manifest.lock\" > /dev/null\nif [ $? != 0 ] ; then\n    # print error to STDERR\n    echo \"error: The sandbox is not in sync with the Podfile.lock. Run 'pod install' or update your CocoaPods installation.\" >&2\n    exit 1\nfi\n";
			showEnvVarsInLog = 0;
		};
		FC947A1FC68D17B588D507AD /* [CP] Embed Pods Frameworks */ = {
			isa = PBXShellScriptBuildPhase;
			buildActionMask = 2147483647;
			files = (
			);
			inputPaths = (
			);
			name = "[CP] Embed Pods Frameworks";
			outputPaths = (
			);
			runOnlyForDeploymentPostprocessing = 0;
			shellPath = /bin/sh;
			shellScript = "\"${SRCROOT}/Pods/Target Support Files/Pods-Swift_Sudoku_Solver/Pods-Swift_Sudoku_Solver-frameworks.sh\"\n";
			showEnvVarsInLog = 0;
		};
/* End PBXShellScriptBuildPhase section */

/* Begin PBXSourcesBuildPhase section */
		942302B81E9A63D000F312B3 /* Sources */ = {
			isa = PBXSourcesBuildPhase;
			buildActionMask = 2147483647;
			files = (
				942302C21E9A63D000F312B3 /* ViewController.swift in Sources */,
				3D71661529950B7C00DE75FF /* AccountInfo.swift in Sources */,
				94A147CA1EAA273800028EE5 /* String+Extension.swift in Sources */,
				9437DF111EAB8C490002C4C3 /* DLShowInfoFlowLayout.swift in Sources */,
				942302E41E9A689B00F312B3 /* DLSolverViewController.swift in Sources */,
				9437DF151EAB8D1B0002C4C3 /* DLShowInfoModel.swift in Sources */,
				942A70CE1EADEF6A00D07D64 /* DLUnfoldTableViewController.swift in Sources */,
				94E008BE1EAA45E400F08241 /* UIColor+Extension.swift in Sources */,
				9439C7B21EAC2FD00067186A /* DLNewFeatureViewController.swift in Sources */,
				9437DF0A1EAB853E0002C4C3 /* DLHelpModel.swift in Sources */,
				942302E01E9A687300F312B3 /* DLSudokuSolver.swift in Sources */,
				942AE67E1EA0F76D00009CF2 /* UIButton+Extension.swift in Sources */,
				942A70D41EADEFBE00D07D64 /* DLUnfoldGroupModel.swift in Sources */,
				942FC2AE1EACD8420091BFF7 /* UILabel+Extension.swift in Sources */,
				942A70D01EADEF7F00D07D64 /* DLUnfoldTableViewCell.swift in Sources */,
				9437DF171EAB94450002C4C3 /* DLShowInfoCollectionView.swift in Sources */,
				942A70D61EADEFDA00D07D64 /* DLUnfoldDetailModel.swift in Sources */,
				94AC7BCD23B0D843002428DC /* UIImage+Extension.swift in Sources */,
				942302E21E9A687300F312B3 /* DLNumberButton.swift in Sources */,
				3D7166122994F99800DE75FF /* PurchaseViewController.swift in Sources */,
				942302C01E9A63D000F312B3 /* AppDelegate.swift in Sources */,
				942302DE1E9A687300F312B3 /* UIView+Extension.swift in Sources */,
				942A70D21EADEF9B00D07D64 /* DLUnfoldTableViewHeaderFooterView.swift in Sources */,
				942302DD1E9A687300F312B3 /* DLCommon.swift in Sources */,
				942AE6801EA0FADE00009CF2 /* DLFunctionButton.swift in Sources */,
				9437DF131EAB8C730002C4C3 /* DLShowInfoCollectionViewCell.swift in Sources */,
			);
			runOnlyForDeploymentPostprocessing = 0;
		};
/* End PBXSourcesBuildPhase section */

/* Begin PBXVariantGroup section */
		942302C31E9A63D000F312B3 /* Main.storyboard */ = {
			isa = PBXVariantGroup;
			children = (
				942302C41E9A63D000F312B3 /* Base */,
				94A0C2401EA5FAA60010BF85 /* zh-Hans */,
			);
			name = Main.storyboard;
			sourceTree = "<group>";
		};
		942302C81E9A63D000F312B3 /* LaunchScreen.storyboard */ = {
			isa = PBXVariantGroup;
			children = (
				942302C91E9A63D000F312B3 /* Base */,
				94A0C2411EA5FAA60010BF85 /* zh-Hans */,
			);
			name = LaunchScreen.storyboard;
			sourceTree = "<group>";
		};
		94A0C2451EA5FB8E0010BF85 /* Info.plist */ = {
			isa = PBXVariantGroup;
			children = (
				94A0C2441EA5FB8E0010BF85 /* zh-Hans */,
			);
			name = Info.plist;
			sourceTree = "<group>";
		};
		94A147C11EAA262700028EE5 /* InfoPlist.strings */ = {
			isa = PBXVariantGroup;
			children = (
				94A147C01EAA262700028EE5 /* en */,
				94A147C21EAA262C00028EE5 /* zh-Hans */,
			);
			name = InfoPlist.strings;
			sourceTree = "<group>";
		};
		94A147C71EAA266C00028EE5 /* Localizable.strings */ = {
			isa = PBXVariantGroup;
			children = (
				94A147C61EAA266C00028EE5 /* en */,
				94A147C81EAA266D00028EE5 /* zh-Hans */,
			);
			name = Localizable.strings;
			sourceTree = "<group>";
		};
/* End PBXVariantGroup section */

/* Begin XCBuildConfiguration section */
		942302CC1E9A63D000F312B3 /* Debug */ = {
			isa = XCBuildConfiguration;
			baseConfigurationReference = FCEF8C71F4BE928342350A7D /* Pods-Swift_Sudoku_Solver.debug.xcconfig */;
			buildSettings = {
				ALWAYS_SEARCH_USER_PATHS = NO;
				CLANG_ANALYZER_LOCALIZABILITY_NONLOCALIZED = YES;
				CLANG_ANALYZER_NONNULL = YES;
				CLANG_ANALYZER_NUMBER_OBJECT_CONVERSION = YES_AGGRESSIVE;
				CLANG_CXX_LANGUAGE_STANDARD = "gnu++0x";
				CLANG_CXX_LIBRARY = "libc++";
				CLANG_ENABLE_MODULES = YES;
				CLANG_ENABLE_OBJC_ARC = YES;
				CLANG_WARN_BLOCK_CAPTURE_AUTORELEASING = YES;
				CLANG_WARN_BOOL_CONVERSION = YES;
				CLANG_WARN_COMMA = YES;
				CLANG_WARN_CONSTANT_CONVERSION = YES;
				CLANG_WARN_DEPRECATED_OBJC_IMPLEMENTATIONS = YES;
				CLANG_WARN_DIRECT_OBJC_ISA_USAGE = YES_ERROR;
				CLANG_WARN_DOCUMENTATION_COMMENTS = YES;
				CLANG_WARN_EMPTY_BODY = YES;
				CLANG_WARN_ENUM_CONVERSION = YES;
				CLANG_WARN_INFINITE_RECURSION = YES;
				CLANG_WARN_INT_CONVERSION = YES;
				CLANG_WARN_NON_LITERAL_NULL_CONVERSION = YES;
				CLANG_WARN_OBJC_IMPLICIT_RETAIN_SELF = YES;
				CLANG_WARN_OBJC_LITERAL_CONVERSION = YES;
				CLANG_WARN_OBJC_ROOT_CLASS = YES_ERROR;
				CLANG_WARN_RANGE_LOOP_ANALYSIS = YES;
				CLANG_WARN_STRICT_PROTOTYPES = YES;
				CLANG_WARN_SUSPICIOUS_MOVE = YES;
				CLANG_WARN_UNREACHABLE_CODE = YES;
				CLANG_WARN__DUPLICATE_METHOD_MATCH = YES;
				"CODE_SIGN_IDENTITY[sdk=iphoneos*]" = "iPhone Developer";
				COPY_PHASE_STRIP = NO;
				DEBUG_INFORMATION_FORMAT = dwarf;
				ENABLE_STRICT_OBJC_MSGSEND = YES;
				ENABLE_TESTABILITY = YES;
				GCC_C_LANGUAGE_STANDARD = gnu99;
				GCC_DYNAMIC_NO_PIC = NO;
				GCC_NO_COMMON_BLOCKS = YES;
				GCC_OPTIMIZATION_LEVEL = 0;
				GCC_PREPROCESSOR_DEFINITIONS = (
					"DEBUG=1",
					"$(inherited)",
				);
				GCC_WARN_64_TO_32_BIT_CONVERSION = YES;
				GCC_WARN_ABOUT_RETURN_TYPE = YES_ERROR;
				GCC_WARN_UNDECLARED_SELECTOR = YES;
				GCC_WARN_UNINITIALIZED_AUTOS = YES_AGGRESSIVE;
				GCC_WARN_UNUSED_FUNCTION = YES;
				GCC_WARN_UNUSED_VARIABLE = YES;
				IPHONEOS_DEPLOYMENT_TARGET = 9.0;
				MTL_ENABLE_DEBUG_INFO = YES;
				ONLY_ACTIVE_ARCH = YES;
				SDKROOT = iphoneos;
				SWIFT_ACTIVE_COMPILATION_CONDITIONS = DEBUG;
				SWIFT_OPTIMIZATION_LEVEL = "-Onone";
			};
			name = Debug;
		};
		942302CD1E9A63D000F312B3 /* Release */ = {
			isa = XCBuildConfiguration;
			baseConfigurationReference = 49ADCBFDED3755F298CD58A0 /* Pods-Swift_Sudoku_Solver.release.xcconfig */;
			buildSettings = {
				ALWAYS_SEARCH_USER_PATHS = NO;
				CLANG_ANALYZER_LOCALIZABILITY_NONLOCALIZED = YES;
				CLANG_ANALYZER_NONNULL = YES;
				CLANG_ANALYZER_NUMBER_OBJECT_CONVERSION = YES_AGGRESSIVE;
				CLANG_CXX_LANGUAGE_STANDARD = "gnu++0x";
				CLANG_CXX_LIBRARY = "libc++";
				CLANG_ENABLE_MODULES = YES;
				CLANG_ENABLE_OBJC_ARC = YES;
				CLANG_WARN_BLOCK_CAPTURE_AUTORELEASING = YES;
				CLANG_WARN_BOOL_CONVERSION = YES;
				CLANG_WARN_COMMA = YES;
				CLANG_WARN_CONSTANT_CONVERSION = YES;
				CLANG_WARN_DEPRECATED_OBJC_IMPLEMENTATIONS = YES;
				CLANG_WARN_DIRECT_OBJC_ISA_USAGE = YES_ERROR;
				CLANG_WARN_DOCUMENTATION_COMMENTS = YES;
				CLANG_WARN_EMPTY_BODY = YES;
				CLANG_WARN_ENUM_CONVERSION = YES;
				CLANG_WARN_INFINITE_RECURSION = YES;
				CLANG_WARN_INT_CONVERSION = YES;
				CLANG_WARN_NON_LITERAL_NULL_CONVERSION = YES;
				CLANG_WARN_OBJC_IMPLICIT_RETAIN_SELF = YES;
				CLANG_WARN_OBJC_LITERAL_CONVERSION = YES;
				CLANG_WARN_OBJC_ROOT_CLASS = YES_ERROR;
				CLANG_WARN_RANGE_LOOP_ANALYSIS = YES;
				CLANG_WARN_STRICT_PROTOTYPES = YES;
				CLANG_WARN_SUSPICIOUS_MOVE = YES;
				CLANG_WARN_UNREACHABLE_CODE = YES;
				CLANG_WARN__DUPLICATE_METHOD_MATCH = YES;
				"CODE_SIGN_IDENTITY[sdk=iphoneos*]" = "iPhone Developer";
				COPY_PHASE_STRIP = NO;
				DEBUG_INFORMATION_FORMAT = "dwarf-with-dsym";
				ENABLE_NS_ASSERTIONS = NO;
				ENABLE_STRICT_OBJC_MSGSEND = YES;
				GCC_C_LANGUAGE_STANDARD = gnu99;
				GCC_NO_COMMON_BLOCKS = YES;
				GCC_WARN_64_TO_32_BIT_CONVERSION = YES;
				GCC_WARN_ABOUT_RETURN_TYPE = YES_ERROR;
				GCC_WARN_UNDECLARED_SELECTOR = YES;
				GCC_WARN_UNINITIALIZED_AUTOS = YES_AGGRESSIVE;
				GCC_WARN_UNUSED_FUNCTION = YES;
				GCC_WARN_UNUSED_VARIABLE = YES;
				IPHONEOS_DEPLOYMENT_TARGET = 9.0;
				MTL_ENABLE_DEBUG_INFO = NO;
				SDKROOT = iphoneos;
				SWIFT_COMPILATION_MODE = wholemodule;
				SWIFT_OPTIMIZATION_LEVEL = "-O";
				VALIDATE_PRODUCT = YES;
			};
			name = Release;
		};
		942302CF1E9A63D000F312B3 /* Debug */ = {
			isa = XCBuildConfiguration;
			baseConfigurationReference = FCEF8C71F4BE928342350A7D /* Pods-Swift_Sudoku_Solver.debug.xcconfig */;
			buildSettings = {
				ASSETCATALOG_COMPILER_APPICON_NAME = AppIcon;
				CODE_SIGN_IDENTITY = "Apple Development";
				"CODE_SIGN_IDENTITY[sdk=iphoneos*]" = "iPhone Developer";
				CODE_SIGN_STYLE = Automatic;
				DEVELOPMENT_TEAM = X66X3BGMSJ;
				INFOPLIST_FILE = "Swift_Sudoku_Solver/zh-Hans.lproj/Info.plist";
				IPHONEOS_DEPLOYMENT_TARGET = 15.0;
				LD_RUNPATH_SEARCH_PATHS = (
					"$(inherited)",
					"@executable_path/Frameworks",
				);
				PRODUCT_BUNDLE_IDENTIFIER = test.DL.SudokuSolver2;
				PRODUCT_NAME = SudokuSolver2;
				PROVISIONING_PROFILE = "";
				PROVISIONING_PROFILE_SPECIFIER = "";
				SWIFT_VERSION = 5.0;
				TARGETED_DEVICE_FAMILY = 1;
			};
			name = Debug;
		};
		942302D01E9A63D000F312B3 /* Release */ = {
			isa = XCBuildConfiguration;
			baseConfigurationReference = 49ADCBFDED3755F298CD58A0 /* Pods-Swift_Sudoku_Solver.release.xcconfig */;
			buildSettings = {
				ASSETCATALOG_COMPILER_APPICON_NAME = AppIcon;
				CODE_SIGN_IDENTITY = "Apple Development";
				"CODE_SIGN_IDENTITY[sdk=iphoneos*]" = "Apple Development: tobeabetterman_dl@163.com (45AC2T6M46)";
				CODE_SIGN_STYLE = Automatic;
				DEVELOPMENT_TEAM = X66X3BGMSJ;
				INFOPLIST_FILE = "Swift_Sudoku_Solver/zh-Hans.lproj/Info.plist";
				IPHONEOS_DEPLOYMENT_TARGET = 15.0;
				LD_RUNPATH_SEARCH_PATHS = (
					"$(inherited)",
					"@executable_path/Frameworks",
				);
				PRODUCT_BUNDLE_IDENTIFIER = test.DL.SudokuSolver2;
				PRODUCT_NAME = SudokuSolver2;
				PROVISIONING_PROFILE = "";
				PROVISIONING_PROFILE_SPECIFIER = "";
				SWIFT_VERSION = 5.0;
				TARGETED_DEVICE_FAMILY = 1;
			};
			name = Release;
		};
/* End XCBuildConfiguration section */

/* Begin XCConfigurationList section */
		942302B71E9A63D000F312B3 /* Build configuration list for PBXProject "Swift_Sudoku_Solver" */ = {
			isa = XCConfigurationList;
			buildConfigurations = (
				942302CC1E9A63D000F312B3 /* Debug */,
				942302CD1E9A63D000F312B3 /* Release */,
			);
			defaultConfigurationIsVisible = 0;
			defaultConfigurationName = Release;
		};
		942302CE1E9A63D000F312B3 /* Build configuration list for PBXNativeTarget "Swift_Sudoku_Solver" */ = {
			isa = XCConfigurationList;
			buildConfigurations = (
				942302CF1E9A63D000F312B3 /* Debug */,
				942302D01E9A63D000F312B3 /* Release */,
			);
			defaultConfigurationIsVisible = 0;
			defaultConfigurationName = Release;
		};
/* End XCConfigurationList section */
	};
	rootObject = 942302B41E9A63D000F312B3 /* Project object */;
}
